
Microsoft Visual Studio Solution File, Format Version 12.00
# Visual Studio 15
VisualStudioVersion = 15.0.26730.15
MinimumVisualStudioVersion = 10.0.40219.1
Project("{D954291E-2A0B-460D-934E-DC6B0785DB48}") = "BKNews", "BKNews\BKNews\BKNews.shproj", "{3A9228E4-2A59-4677-B474-D3DB29E430C4}"
EndProject
Project("{FAE04EC0-301F-11D3-BF4B-00C04F79EFBC}") = "BKNews.Android", "BKNews\BKNews.Android\BKNews.Android.csproj", "{11952767-0113-476F-AA93-E0DA8A361746}"
EndProject
Project("{FAE04EC0-301F-11D3-BF4B-00C04F79EFBC}") = "BKNews.iOS", "BKNews\BKNews.iOS\BKNews.iOS.csproj", "{64696D9B-95B6-4380-86AF-B684EE4D8D05}"
EndProject
Project("{FAE04EC0-301F-11D3-BF4B-00C04F79EFBC}") = "BKNews.UWP", "BKNews\BKNews.UWP\BKNews.UWP.csproj", "{AF146868-312D-443D-8550-9969130EEA09}"
EndProject
Global
	GlobalSection(SharedMSBuildProjectFiles) = preSolution
		BKNews\BKNews\BKNews.projitems*{11952767-0113-476f-aa93-e0da8a361746}*SharedItemsImports = 4
		BKNews\BKNews\BKNews.projitems*{3a9228e4-2a59-4677-b474-d3db29e430c4}*SharedItemsImports = 13
		BKNews\BKNews\BKNews.projitems*{64696d9b-95b6-4380-86af-b684ee4d8d05}*SharedItemsImports = 4
		BKNews\BKNews\BKNews.projitems*{af146868-312d-443d-8550-9969130eea09}*SharedItemsImports = 4
	EndGlobalSection
	GlobalSection(SolutionConfigurationPlatforms) = preSolution
		Ad-Hoc|Any CPU = Ad-Hoc|Any CPU
		Ad-Hoc|ARM = Ad-Hoc|ARM
		Ad-Hoc|iPhone = Ad-Hoc|iPhone
		Ad-Hoc|iPhoneSimulator = Ad-Hoc|iPhoneSimulator
		Ad-Hoc|x64 = Ad-Hoc|x64
		Ad-Hoc|x86 = Ad-Hoc|x86
		AppStore|Any CPU = AppStore|Any CPU
		AppStore|ARM = AppStore|ARM
		AppStore|iPhone = AppStore|iPhone
		AppStore|iPhoneSimulator = AppStore|iPhoneSimulator
		AppStore|x64 = AppStore|x64
		AppStore|x86 = AppStore|x86
		Debug|Any CPU = Debug|Any CPU
		Debug|ARM = Debug|ARM
		Debug|iPhone = Debug|iPhone
		Debug|iPhoneSimulator = Debug|iPhoneSimulator
		Debug|x64 = Debug|x64
		Debug|x86 = Debug|x86
		Release|Any CPU = Release|Any CPU
		Release|ARM = Release|ARM
		Release|iPhone = Release|iPhone
		Release|iPhoneSimulator = Release|iPhoneSimulator
		Release|x64 = Release|x64
		Release|x86 = Release|x86
	EndGlobalSection
	GlobalSection(ProjectConfigurationPlatforms) = postSolution
		{11952767-0113-476F-AA93-E0DA8A361746}.Ad-Hoc|Any CPU.ActiveCfg = Release|Any CPU
		{11952767-0113-476F-AA93-E0DA8A361746}.Ad-Hoc|Any CPU.Build.0 = Release|Any CPU
		{11952767-0113-476F-AA93-E0DA8A361746}.Ad-Hoc|Any CPU.Deploy.0 = Release|Any CPU
		{11952767-0113-476F-AA93-E0DA8A361746}.Ad-Hoc|ARM.ActiveCfg = Release|Any CPU
		{11952767-0113-476F-AA93-E0DA8A361746}.Ad-Hoc|ARM.Build.0 = Release|Any CPU
		{11952767-0113-476F-AA93-E0DA8A361746}.Ad-Hoc|ARM.Deploy.0 = Release|Any CPU
		{11952767-0113-476F-AA93-E0DA8A361746}.Ad-Hoc|iPhone.ActiveCfg = Release|Any CPU
		{11952767-0113-476F-AA93-E0DA8A361746}.Ad-Hoc|iPhone.Build.0 = Release|Any CPU
		{11952767-0113-476F-AA93-E0DA8A361746}.Ad-Hoc|iPhone.Deploy.0 = Release|Any CPU
		{11952767-0113-476F-AA93-E0DA8A361746}.Ad-Hoc|iPhoneSimulator.ActiveCfg = Release|Any CPU
		{11952767-0113-476F-AA93-E0DA8A361746}.Ad-Hoc|iPhoneSimulator.Build.0 = Release|Any CPU
		{11952767-0113-476F-AA93-E0DA8A361746}.Ad-Hoc|iPhoneSimulator.Deploy.0 = Release|Any CPU
		{11952767-0113-476F-AA93-E0DA8A361746}.Ad-Hoc|x64.ActiveCfg = Release|Any CPU
		{11952767-0113-476F-AA93-E0DA8A361746}.Ad-Hoc|x64.Build.0 = Release|Any CPU
		{11952767-0113-476F-AA93-E0DA8A361746}.Ad-Hoc|x64.Deploy.0 = Release|Any CPU
		{11952767-0113-476F-AA93-E0DA8A361746}.Ad-Hoc|x86.ActiveCfg = Release|Any CPU
		{11952767-0113-476F-AA93-E0DA8A361746}.Ad-Hoc|x86.Build.0 = Release|Any CPU
		{11952767-0113-476F-AA93-E0DA8A361746}.Ad-Hoc|x86.Deploy.0 = Release|Any CPU
		{11952767-0113-476F-AA93-E0DA8A361746}.AppStore|Any CPU.ActiveCfg = Release|Any CPU
		{11952767-0113-476F-AA93-E0DA8A361746}.AppStore|Any CPU.Build.0 = Release|Any CPU
		{11952767-0113-476F-AA93-E0DA8A361746}.AppStore|Any CPU.Deploy.0 = Release|Any CPU
		{11952767-0113-476F-AA93-E0DA8A361746}.AppStore|ARM.ActiveCfg = Release|Any CPU
		{11952767-0113-476F-AA93-E0DA8A361746}.AppStore|ARM.Build.0 = Release|Any CPU
		{11952767-0113-476F-AA93-E0DA8A361746}.AppStore|ARM.Deploy.0 = Release|Any CPU
		{11952767-0113-476F-AA93-E0DA8A361746}.AppStore|iPhone.ActiveCfg = Release|Any CPU
		{11952767-0113-476F-AA93-E0DA8A361746}.AppStore|iPhone.Build.0 = Release|Any CPU
		{11952767-0113-476F-AA93-E0DA8A361746}.AppStore|iPhone.Deploy.0 = Release|Any CPU
		{11952767-0113-476F-AA93-E0DA8A361746}.AppStore|iPhoneSimulator.ActiveCfg = Release|Any CPU
		{11952767-0113-476F-AA93-E0DA8A361746}.AppStore|iPhoneSimulator.Build.0 = Release|Any CPU
		{11952767-0113-476F-AA93-E0DA8A361746}.AppStore|iPhoneSimulator.Deploy.0 = Release|Any CPU
		{11952767-0113-476F-AA93-E0DA8A361746}.AppStore|x64.ActiveCfg = Release|Any CPU
		{11952767-0113-476F-AA93-E0DA8A361746}.AppStore|x64.Build.0 = Release|Any CPU
		{11952767-0113-476F-AA93-E0DA8A361746}.AppStore|x64.Deploy.0 = Release|Any CPU
		{11952767-0113-476F-AA93-E0DA8A361746}.AppStore|x86.ActiveCfg = Release|Any CPU
		{11952767-0113-476F-AA93-E0DA8A361746}.AppStore|x86.Build.0 = Release|Any CPU
		{11952767-0113-476F-AA93-E0DA8A361746}.AppStore|x86.Deploy.0 = Release|Any CPU
		{11952767-0113-476F-AA93-E0DA8A361746}.Debug|Any CPU.ActiveCfg = Debug|Any CPU
		{11952767-0113-476F-AA93-E0DA8A361746}.Debug|Any CPU.Build.0 = Debug|Any CPU
		{11952767-0113-476F-AA93-E0DA8A361746}.Debug|Any CPU.Deploy.0 = Debug|Any CPU
		{11952767-0113-476F-AA93-E0DA8A361746}.Debug|ARM.ActiveCfg = Debug|Any CPU
		{11952767-0113-476F-AA93-E0DA8A361746}.Debug|ARM.Build.0 = Debug|Any CPU
		{11952767-0113-476F-AA93-E0DA8A361746}.Debug|ARM.Deploy.0 = Debug|Any CPU
		{11952767-0113-476F-AA93-E0DA8A361746}.Debug|iPhone.ActiveCfg = Debug|Any CPU
		{11952767-0113-476F-AA93-E0DA8A361746}.Debug|iPhone.Build.0 = Debug|Any CPU
		{11952767-0113-476F-AA93-E0DA8A361746}.Debug|iPhone.Deploy.0 = Debug|Any CPU
		{11952767-0113-476F-AA93-E0DA8A361746}.Debug|iPhoneSimulator.ActiveCfg = Debug|Any CPU
		{11952767-0113-476F-AA93-E0DA8A361746}.Debug|iPhoneSimulator.Build.0 = Debug|Any CPU
		{11952767-0113-476F-AA93-E0DA8A361746}.Debug|iPhoneSimulator.Deploy.0 = Debug|Any CPU
		{11952767-0113-476F-AA93-E0DA8A361746}.Debug|x64.ActiveCfg = Debug|Any CPU
		{11952767-0113-476F-AA93-E0DA8A361746}.Debug|x64.Build.0 = Debug|Any CPU
		{11952767-0113-476F-AA93-E0DA8A361746}.Debug|x64.Deploy.0 = Debug|Any CPU
		{11952767-0113-476F-AA93-E0DA8A361746}.Debug|x86.ActiveCfg = Debug|Any CPU
		{11952767-0113-476F-AA93-E0DA8A361746}.Debug|x86.Build.0 = Debug|Any CPU
		{11952767-0113-476F-AA93-E0DA8A361746}.Debug|x86.Deploy.0 = Debug|Any CPU
		{11952767-0113-476F-AA93-E0DA8A361746}.Release|Any CPU.ActiveCfg = Release|Any CPU
		{11952767-0113-476F-AA93-E0DA8A361746}.Release|Any CPU.Build.0 = Release|Any CPU
		{11952767-0113-476F-AA93-E0DA8A361746}.Release|Any CPU.Deploy.0 = Release|Any CPU
		{11952767-0113-476F-AA93-E0DA8A361746}.Release|ARM.ActiveCfg = Release|Any CPU
		{11952767-0113-476F-AA93-E0DA8A361746}.Release|ARM.Build.0 = Release|Any CPU
		{11952767-0113-476F-AA93-E0DA8A361746}.Release|ARM.Deploy.0 = Release|Any CPU
		{11952767-0113-476F-AA93-E0DA8A361746}.Release|iPhone.ActiveCfg = Release|Any CPU
		{11952767-0113-476F-AA93-E0DA8A361746}.Release|iPhone.Build.0 = Release|Any CPU
		{11952767-0113-476F-AA93-E0DA8A361746}.Release|iPhone.Deploy.0 = Release|Any CPU
		{11952767-0113-476F-AA93-E0DA8A361746}.Release|iPhoneSimulator.ActiveCfg = Release|Any CPU
		{11952767-0113-476F-AA93-E0DA8A361746}.Release|iPhoneSimulator.Build.0 = Release|Any CPU
		{11952767-0113-476F-AA93-E0DA8A361746}.Release|iPhoneSimulator.Deploy.0 = Release|Any CPU
		{11952767-0113-476F-AA93-E0DA8A361746}.Release|x64.ActiveCfg = Release|Any CPU
		{11952767-0113-476F-AA93-E0DA8A361746}.Release|x64.Build.0 = Release|Any CPU
		{11952767-0113-476F-AA93-E0DA8A361746}.Release|x64.Deploy.0 = Release|Any CPU
		{11952767-0113-476F-AA93-E0DA8A361746}.Release|x86.ActiveCfg = Release|Any CPU
		{11952767-0113-476F-AA93-E0DA8A361746}.Release|x86.Build.0 = Release|Any CPU
		{11952767-0113-476F-AA93-E0DA8A361746}.Release|x86.Deploy.0 = Release|Any CPU
		{64696D9B-95B6-4380-86AF-B684EE4D8D05}.Ad-Hoc|Any CPU.ActiveCfg = Ad-Hoc|iPhone
		{64696D9B-95B6-4380-86AF-B684EE4D8D05}.Ad-Hoc|ARM.ActiveCfg = Ad-Hoc|iPhone
		{64696D9B-95B6-4380-86AF-B684EE4D8D05}.Ad-Hoc|iPhone.ActiveCfg = Ad-Hoc|iPhone
		{64696D9B-95B6-4380-86AF-B684EE4D8D05}.Ad-Hoc|iPhone.Build.0 = Ad-Hoc|iPhone
		{64696D9B-95B6-4380-86AF-B684EE4D8D05}.Ad-Hoc|iPhoneSimulator.ActiveCfg = Ad-Hoc|iPhoneSimulator
		{64696D9B-95B6-4380-86AF-B684EE4D8D05}.Ad-Hoc|iPhoneSimulator.Build.0 = Ad-Hoc|iPhoneSimulator
		{64696D9B-95B6-4380-86AF-B684EE4D8D05}.Ad-Hoc|x64.ActiveCfg = Ad-Hoc|iPhone
		{64696D9B-95B6-4380-86AF-B684EE4D8D05}.Ad-Hoc|x86.ActiveCfg = Ad-Hoc|iPhone
		{64696D9B-95B6-4380-86AF-B684EE4D8D05}.AppStore|Any CPU.ActiveCfg = AppStore|iPhone
		{64696D9B-95B6-4380-86AF-B684EE4D8D05}.AppStore|ARM.ActiveCfg = AppStore|iPhone
		{64696D9B-95B6-4380-86AF-B684EE4D8D05}.AppStore|iPhone.ActiveCfg = AppStore|iPhone
		{64696D9B-95B6-4380-86AF-B684EE4D8D05}.AppStore|iPhone.Build.0 = AppStore|iPhone
		{64696D9B-95B6-4380-86AF-B684EE4D8D05}.AppStore|iPhoneSimulator.ActiveCfg = AppStore|iPhoneSimulator
		{64696D9B-95B6-4380-86AF-B684EE4D8D05}.AppStore|iPhoneSimulator.Build.0 = AppStore|iPhoneSimulator
		{64696D9B-95B6-4380-86AF-B684EE4D8D05}.AppStore|x64.ActiveCfg = AppStore|iPhone
		{64696D9B-95B6-4380-86AF-B684EE4D8D05}.AppStore|x86.ActiveCfg = AppStore|iPhone
		{64696D9B-95B6-4380-86AF-B684EE4D8D05}.Debug|Any CPU.ActiveCfg = Debug|iPhone
		{64696D9B-95B6-4380-86AF-B684EE4D8D05}.Debug|ARM.ActiveCfg = Debug|iPhone
		{64696D9B-95B6-4380-86AF-B684EE4D8D05}.Debug|iPhone.ActiveCfg = Debug|iPhone
		{64696D9B-95B6-4380-86AF-B684EE4D8D05}.Debug|iPhone.Build.0 = Debug|iPhone
		{64696D9B-95B6-4380-86AF-B684EE4D8D05}.Debug|iPhoneSimulator.ActiveCfg = Debug|iPhoneSimulator
		{64696D9B-95B6-4380-86AF-B684EE4D8D05}.Debug|iPhoneSimulator.Build.0 = Debug|iPhoneSimulator
		{64696D9B-95B6-4380-86AF-B684EE4D8D05}.Debug|x64.ActiveCfg = Debug|iPhone
		{64696D9B-95B6-4380-86AF-B684EE4D8D05}.Debug|x86.ActiveCfg = Debug|iPhone
		{64696D9B-95B6-4380-86AF-B684EE4D8D05}.Release|Any CPU.ActiveCfg = Release|iPhone
		{64696D9B-95B6-4380-86AF-B684EE4D8D05}.Release|ARM.ActiveCfg = Release|iPhone
		{64696D9B-95B6-4380-86AF-B684EE4D8D05}.Release|iPhone.ActiveCfg = Release|iPhone
		{64696D9B-95B6-4380-86AF-B684EE4D8D05}.Release|iPhone.Build.0 = Release|iPhone
		{64696D9B-95B6-4380-86AF-B684EE4D8D05}.Release|iPhoneSimulator.ActiveCfg = Release|iPhoneSimulator
		{64696D9B-95B6-4380-86AF-B684EE4D8D05}.Release|iPhoneSimulator.Build.0 = Release|iPhoneSimulator
		{64696D9B-95B6-4380-86AF-B684EE4D8D05}.Release|x64.ActiveCfg = Release|iPhone
		{64696D9B-95B6-4380-86AF-B684EE4D8D05}.Release|x86.ActiveCfg = Release|iPhone
		{AF146868-312D-443D-8550-9969130EEA09}.Ad-Hoc|Any CPU.ActiveCfg = Release|x86
		{AF146868-312D-443D-8550-9969130EEA09}.Ad-Hoc|Any CPU.Build.0 = Release|x86
		{AF146868-312D-443D-8550-9969130EEA09}.Ad-Hoc|Any CPU.Deploy.0 = Release|x86
		{AF146868-312D-443D-8550-9969130EEA09}.Ad-Hoc|ARM.ActiveCfg = Release|ARM
		{AF146868-312D-443D-8550-9969130EEA09}.Ad-Hoc|ARM.Build.0 = Release|ARM
		{AF146868-312D-443D-8550-9969130EEA09}.Ad-Hoc|ARM.Deploy.0 = Release|ARM
		{AF146868-312D-443D-8550-9969130EEA09}.Ad-Hoc|iPhone.ActiveCfg = Release|x86
		{AF146868-312D-443D-8550-9969130EEA09}.Ad-Hoc|iPhone.Build.0 = Release|x86
		{AF146868-312D-443D-8550-9969130EEA09}.Ad-Hoc|iPhone.Deploy.0 = Release|x86
		{AF146868-312D-443D-8550-9969130EEA09}.Ad-Hoc|iPhoneSimulator.ActiveCfg = Release|x86
		{AF146868-312D-443D-8550-9969130EEA09}.Ad-Hoc|iPhoneSimulator.Build.0 = Release|x86
		{AF146868-312D-443D-8550-9969130EEA09}.Ad-Hoc|iPhoneSimulator.Deploy.0 = Release|x86
		{AF146868-312D-443D-8550-9969130EEA09}.Ad-Hoc|x64.ActiveCfg = Release|x64
		{AF146868-312D-443D-8550-9969130EEA09}.Ad-Hoc|x64.Build.0 = Release|x64
		{AF146868-312D-443D-8550-9969130EEA09}.Ad-Hoc|x64.Deploy.0 = Release|x64
		{AF146868-312D-443D-8550-9969130EEA09}.Ad-Hoc|x86.ActiveCfg = Release|x86
		{AF146868-312D-443D-8550-9969130EEA09}.Ad-Hoc|x86.Build.0 = Release|x86
		{AF146868-312D-443D-8550-9969130EEA09}.Ad-Hoc|x86.Deploy.0 = Release|x86
		{AF146868-312D-443D-8550-9969130EEA09}.AppStore|Any CPU.ActiveCfg = Release|x86
		{AF146868-312D-443D-8550-9969130EEA09}.AppStore|Any CPU.Build.0 = Release|x86
		{AF146868-312D-443D-8550-9969130EEA09}.AppStore|Any CPU.Deploy.0 = Release|x86
		{AF146868-312D-443D-8550-9969130EEA09}.AppStore|ARM.ActiveCfg = Release|ARM
		{AF146868-312D-443D-8550-9969130EEA09}.AppStore|ARM.Build.0 = Release|ARM
		{AF146868-312D-443D-8550-9969130EEA09}.AppStore|ARM.Deploy.0 = Release|ARM
		{AF146868-312D-443D-8550-9969130EEA09}.AppStore|iPhone.ActiveCfg = Release|x86
		{AF146868-312D-443D-8550-9969130EEA09}.AppStore|iPhone.Build.0 = Release|x86
		{AF146868-312D-443D-8550-9969130EEA09}.AppStore|iPhone.Deploy.0 = Release|x86
		{AF146868-312D-443D-8550-9969130EEA09}.AppStore|iPhoneSimulator.ActiveCfg = Release|x86
		{AF146868-312D-443D-8550-9969130EEA09}.AppStore|iPhoneSimulator.Build.0 = Release|x86
		{AF146868-312D-443D-8550-9969130EEA09}.AppStore|iPhoneSimulator.Deploy.0 = Release|x86
		{AF146868-312D-443D-8550-9969130EEA09}.AppStore|x64.ActiveCfg = Release|x64
		{AF146868-312D-443D-8550-9969130EEA09}.AppStore|x64.Build.0 = Release|x64
		{AF146868-312D-443D-8550-9969130EEA09}.AppStore|x64.Deploy.0 = Release|x64
		{AF146868-312D-443D-8550-9969130EEA09}.AppStore|x86.ActiveCfg = Release|x86
		{AF146868-312D-443D-8550-9969130EEA09}.AppStore|x86.Build.0 = Release|x86
		{AF146868-312D-443D-8550-9969130EEA09}.AppStore|x86.Deploy.0 = Release|x86
		{AF146868-312D-443D-8550-9969130EEA09}.Debug|Any CPU.ActiveCfg = Debug|x86
		{AF146868-312D-443D-8550-9969130EEA09}.Debug|ARM.ActiveCfg = Debug|ARM
		{AF146868-312D-443D-8550-9969130EEA09}.Debug|ARM.Build.0 = Debug|ARM
		{AF146868-312D-443D-8550-9969130EEA09}.Debug|ARM.Deploy.0 = Debug|ARM
		{AF146868-312D-443D-8550-9969130EEA09}.Debug|iPhone.ActiveCfg = Debug|x86
		{AF146868-312D-443D-8550-9969130EEA09}.Debug|iPhoneSimulator.ActiveCfg = Debug|x86
		{AF146868-312D-443D-8550-9969130EEA09}.Debug|x64.ActiveCfg = Debug|x64
		{AF146868-312D-443D-8550-9969130EEA09}.Debug|x64.Build.0 = Debug|x64
		{AF146868-312D-443D-8550-9969130EEA09}.Debug|x64.Deploy.0 = Debug|x64
		{AF146868-312D-443D-8550-9969130EEA09}.Debug|x86.ActiveCfg = Debug|x86
		{AF146868-312D-443D-8550-9969130EEA09}.Debug|x86.Build.0 = Debug|x86
		{AF146868-312D-443D-8550-9969130EEA09}.Debug|x86.Deploy.0 = Debug|x86
		{AF146868-312D-443D-8550-9969130EEA09}.Release|Any CPU.ActiveCfg = Release|x86
		{AF146868-312D-443D-8550-9969130EEA09}.Release|ARM.ActiveCfg = Release|ARM
		{AF146868-312D-443D-8550-9969130EEA09}.Release|ARM.Build.0 = Release|ARM
		{AF146868-312D-443D-8550-9969130EEA09}.Release|ARM.Deploy.0 = Release|ARM
		{AF146868-312D-443D-8550-9969130EEA09}.Release|iPhone.ActiveCfg = Release|x86
		{AF146868-312D-443D-8550-9969130EEA09}.Release|iPhoneSimulator.ActiveCfg = Release|x86
		{AF146868-312D-443D-8550-9969130EEA09}.Release|x64.ActiveCfg = Release|x64
		{AF146868-312D-443D-8550-9969130EEA09}.Release|x64.Build.0 = Release|x64
		{AF146868-312D-443D-8550-9969130EEA09}.Release|x64.Deploy.0 = Release|x64
		{AF146868-312D-443D-8550-9969130EEA09}.Release|x86.ActiveCfg = Release|x86
		{AF146868-312D-443D-8550-9969130EEA09}.Release|x86.Build.0 = Release|x86
		{AF146868-312D-443D-8550-9969130EEA09}.Release|x86.Deploy.0 = Release|x86
	EndGlobalSection
	GlobalSection(SolutionProperties) = preSolution
		HideSolutionNode = FALSE
	EndGlobalSection
	GlobalSection(ExtensibilityGlobals) = postSolution
		SolutionGuid = {B0D9A212-D118-439D-9614-E014F7537EFF}
	EndGlobalSection
EndGlobal
